// !$*UTF8*$!
{
	archiveVersion = 1;
	classes = {
	};
	objectVersion = 50;
	objects = {

/* Begin PBXBuildFile section */
		DADC73A1269F76670033FB0A /* AppDelegate.swift in Sources */ = {isa = PBXBuildFile; fileRef = DADC73A0269F76670033FB0A /* AppDelegate.swift */; };
		DADC73A3269F76670033FB0A /* SceneDelegate.swift in Sources */ = {isa = PBXBuildFile; fileRef = DADC73A2269F76670033FB0A /* SceneDelegate.swift */; };
		DADC73A5269F76670033FB0A /* ViewController.swift in Sources */ = {isa = PBXBuildFile; fileRef = DADC73A4269F76670033FB0A /* ViewController.swift */; };
		DADC73A8269F76670033FB0A /* Main.storyboard in Resources */ = {isa = PBXBuildFile; fileRef = DADC73A6269F76670033FB0A /* Main.storyboard */; };
		DADC73AA269F76680033FB0A /* Assets.xcassets in Resources */ = {isa = PBXBuildFile; fileRef = DADC73A9269F76680033FB0A /* Assets.xcassets */; };
		DADC73AD269F76680033FB0A /* LaunchScreen.storyboard in Resources */ = {isa = PBXBuildFile; fileRef = DADC73AB269F76680033FB0A /* LaunchScreen.storyboard */; };
		DADC73B6269F83D30033FB0A /* Details.swift in Sources */ = {isa = PBXBuildFile; fileRef = DADC73B5269F83D30033FB0A /* Details.swift */; };
/* End PBXBuildFile section */

/* Begin PBXFileReference section */
		DADC739D269F76670033FB0A /* PrimeNumberGenerator.app */ = {isa = PBXFileReference; explicitFileType = wrapper.application; includeInIndex = 0; path = PrimeNumberGenerator.app; sourceTree = BUILT_PRODUCTS_DIR; };
		DADC73A0269F76670033FB0A /* AppDelegate.swift */ = {isa = PBXFileReference; lastKnownFileType = sourcecode.swift; path = AppDelegate.swift; sourceTree = "<group>"; };
		DADC73A2269F76670033FB0A /* SceneDelegate.swift */ = {isa = PBXFileReference; lastKnownFileType = sourcecode.swift; path = SceneDelegate.swift; sourceTree = "<group>"; };
		DADC73A4269F76670033FB0A /* ViewController.swift */ = {isa = PBXFileReference; lastKnownFileType = sourcecode.swift; path = ViewController.swift; sourceTree = "<group>"; };
		DADC73A7269F76670033FB0A /* Base */ = {isa = PBXFileReference; lastKnownFileType = file.storyboard; name = Base; path = Base.lproj/Main.storyboard; sourceTree = "<group>"; };
		DADC73A9269F76680033FB0A /* Assets.xcassets */ = {isa = PBXFileReference; lastKnownFileType = folder.assetcatalog; path = Assets.xcassets; sourceTree = "<group>"; };
		DADC73AC269F76680033FB0A /* Base */ = {isa = PBXFileReference; lastKnownFileType = file.storyboard; name = Base; path = Base.lproj/LaunchScreen.storyboard; sourceTree = "<group>"; };
		DADC73AE269F76680033FB0A /* Info.plist */ = {isa = PBXFileReference; lastKnownFileType = text.plist.xml; path = Info.plist; sourceTree = "<group>"; };
		DADC73B5269F83D30033FB0A /* Details.swift */ = {isa = PBXFileReference; lastKnownFileType = sourcecode.swift; path = Details.swift; sourceTree = "<group>"; };
/* End PBXFileReference section */

/* Begin PBXFrameworksBuildPhase section */
		DADC739A269F76670033FB0A /* Frameworks */ = {
			isa = PBXFrameworksBuildPhase;
			buildActionMask = 2147483647;
			files = (
			);
			runOnlyForDeploymentPostprocessing = 0;
		};
/* End PBXFrameworksBuildPhase section */

/* Begin PBXGroup section */
		DADC7394269F76670033FB0A = {
			isa = PBXGroup;
			children = (
				DADC739F269F76670033FB0A /* PrimeNumberGenerator */,
				DADC739E269F76670033FB0A /* Products */,
			);
			sourceTree = "<group>";
		};
		DADC739E269F76670033FB0A /* Products */ = {
			isa = PBXGroup;
			children = (
				DADC739D269F76670033FB0A /* PrimeNumberGenerator.app */,
			);
			name = Products;
			sourceTree = "<group>";
		};
		DADC739F269F76670033FB0A /* PrimeNumberGenerator */ = {
			isa = PBXGroup;
			children = (
				DADC73A0269F76670033FB0A /* AppDelegate.swift */,
				DADC73A2269F76670033FB0A /* SceneDelegate.swift */,
				DADC73A4269F76670033FB0A /* ViewController.swift */,
				DADC73B5269F83D30033FB0A /* Details.swift */,
				DADC73A6269F76670033FB0A /* Main.storyboard */,
				DADC73A9269F76680033FB0A /* Assets.xcassets */,
				DADC73AB269F76680033FB0A /* LaunchScreen.storyboard */,
				DADC73AE269F76680033FB0A /* Info.plist */,
			);
			path = PrimeNumberGenerator;
			sourceTree = "<group>";
		};
/* End PBXGroup section */

/* Begin PBXNativeTarget section */
		DADC739C269F76670033FB0A /* PrimeNumberGenerator */ = {
			isa = PBXNativeTarget;
			buildConfigurationList = DADC73B1269F76680033FB0A /* Build configuration list for PBXNativeTarget "PrimeNumberGenerator" */;
			buildPhases = (
				DADC7399269F76670033FB0A /* Sources */,
				DADC739A269F76670033FB0A /* Frameworks */,
				DADC739B269F76670033FB0A /* Resources */,
			);
			buildRules = (
			);
			dependencies = (
			);
			name = PrimeNumberGenerator;
			productName = ForHomeDepot;
			productReference = DADC739D269F76670033FB0A /* PrimeNumberGenerator.app */;
			productType = "com.apple.product-type.application";
		};
/* End PBXNativeTarget section */

/* Begin PBXProject section */
		DADC7395269F76670033FB0A /* Project object */ = {
			isa = PBXProject;
			attributes = {
				LastSwiftUpdateCheck = 1220;
				LastUpgradeCheck = 1220;
				TargetAttributes = {
					DADC739C269F76670033FB0A = {
						CreatedOnToolsVersion = 12.2;
					};
				};
			};
			buildConfigurationList = DADC7398269F76670033FB0A /* Build configuration list for PBXProject "PrimeNumberGenerator" */;
			compatibilityVersion = "Xcode 9.3";
			developmentRegion = en;
			hasScannedForEncodings = 0;
			knownRegions = (
				en,
				Base,
			);
			mainGroup = DADC7394269F76670033FB0A;
			productRefGroup = DADC739E269F76670033FB0A /* Products */;
			projectDirPath = "";
			projectRoot = "";
			targets = (
				DADC739C269F76670033FB0A /* PrimeNumberGenerator */,
			);
		};
/* End PBXProject section */

/* Begin PBXResourcesBuildPhase section */
		DADC739B269F76670033FB0A /* Resources */ = {
			isa = PBXResourcesBuildPhase;
			buildActionMask = 2147483647;
			files = (
				DADC73AD269F76680033FB0A /* LaunchScreen.storyboard in Resources */,
				DADC73AA269F76680033FB0A /* Assets.xcassets in Resources */,
				DADC73A8269F76670033FB0A /* Main.storyboard in Resources */,
			);
			runOnlyForDeploymentPostprocessing = 0;
		};
/* End PBXResourcesBuildPhase section */

/* Begin PBXSourcesBuildPhase section */
		DADC7399269F76670033FB0A /* Sources */ = {
			isa = PBXSourcesBuildPhase;
			buildActionMask = 2147483647;
			files = (
				DADC73A5269F76670033FB0A /* ViewController.swift in Sources */,
				DADC73A1269F76670033FB0A /* AppDelegate.swift in Sources */,
				DADC73B6269F83D30033FB0A /* Details.swift in Sources */,
				DADC73A3269F76670033FB0A /* SceneDelegate.swift in Sources */,
			);
			runOnlyForDeploymentPostprocessing = 0;
		};
/* End PBXSourcesBuildPhase section */

/* Begin PBXVariantGroup section */
		DADC73A6269F76670033FB0A /* Main.storyboard */ = {
			isa = PBXVariantGroup;
			children = (
				DADC73A7269F76670033FB0A /* Base */,
			);
			name = Main.storyboard;
			sourceTree = "<group>";
		};
		DADC73AB269F76680033FB0A /* LaunchScreen.storyboard */ = {
			isa = PBXVariantGroup;
			children = (
				DADC73AC269F76680033FB0A /* Base */,
			);
			name = LaunchScreen.storyboard;
			sourceTree = "<group>";
		};
/* End PBXVariantGroup section */

/* Begin XCBuildConfiguration section */
		DADC73AF269F76680033FB0A /* Debug */ = {
			isa = XCBuildConfiguration;
			buildSettings = {
				ALWAYS_SEARCH_USER_PATHS = NO;
				CLANG_ANALYZER_NONNULL = YES;
				CLANG_ANALYZER_NUMBER_OBJECT_CONVERSION = YES_AGGRESSIVE;
				CLANG_CXX_LANGUAGE_STANDARD = "gnu++14";
				CLANG_CXX_LIBRARY = "libc++";
				CLANG_ENABLE_MODULES = YES;
				CLANG_ENABLE_OBJC_ARC = YES;
				CLANG_ENABLE_OBJC_WEAK = YES;
				CLANG_WARN_BLOCK_CAPTURE_AUTORELEASING = YES;
				CLANG_WARN_BOOL_CONVERSION = YES;
				CLANG_WARN_COMMA = YES;
				CLANG_WARN_CONSTANT_CONVERSION = YES;
				CLANG_WARN_DEPRECATED_OBJC_IMPLEMENTATIONS = YES;
				CLANG_WARN_DIRECT_OBJC_ISA_USAGE = YES_ERROR;
				CLANG_WARN_DOCUMENTATION_COMMENTS = YES;
				CLANG_WARN_EMPTY_BODY = YES;
				CLANG_WARN_ENUM_CONVERSION = YES;
				CLANG_WARN_INFINITE_RECURSION = YES;
				CLANG_WARN_INT_CONVERSION = YES;
				CLANG_WARN_NON_LITERAL_NULL_CONVERSION = YES;
				CLANG_WARN_OBJC_IMPLICIT_RETAIN_SELF = YES;
				CLANG_WARN_OBJC_LITERAL_CONVERSION = YES;
				CLANG_WARN_OBJC_ROOT_CLASS = YES_ERROR;
				CLANG_WARN_QUOTED_INCLUDE_IN_FRAMEWORK_HEADER = YES;
				CLANG_WARN_RANGE_LOOP_ANALYSIS = YES;
				CLANG_WARN_STRICT_PROTOTYPES = YES;
				CLANG_WARN_SUSPICIOUS_MOVE = YES;
				CLANG_WARN_UNGUARDED_AVAILABILITY = YES_AGGRESSIVE;
				CLANG_WARN_UNREACHABLE_CODE = YES;
				CLANG_WARN__DUPLICATE_METHOD_MATCH = YES;
				COPY_PHASE_STRIP = NO;
				DEBUG_INFORMATION_FORMAT = dwarf;
				ENABLE_STRICT_OBJC_MSGSEND = YES;
				ENABLE_TESTABILITY = YES;
				GCC_C_LANGUAGE_STANDARD = gnu11;
				GCC_DYNAMIC_NO_PIC = NO;
				GCC_NO_COMMON_BLOCKS = YES;
				GCC_OPTIMIZATION_LEVEL = 0;
				GCC_PREPROCESSOR_DEFINITIONS = (
					"DEBUG=1",
					"$(inherited)",
				);
				GCC_WARN_64_TO_32_BIT_CONVERSION = YES;
				GCC_WARN_ABOUT_RETURN_TYPE = YES_ERROR;
				GCC_WARN_UNDECLARED_SELECTOR = YES;
				GCC_WARN_UNINITIALIZED_AUTOS = YES_AGGRESSIVE;
				GCC_WARN_UNUSED_FUNCTION = YES;
				GCC_WARN_UNUSED_VARIABLE = YES;
				IPHONEOS_DEPLOYMENT_TARGET = 14.2;
				MTL_ENABLE_DEBUG_INFO = INCLUDE_SOURCE;
				MTL_FAST_MATH = YES;
				ONLY_ACTIVE_ARCH = YES;
				SDKROOT = iphoneos;
				SWIFT_ACTIVE_COMPILATION_CONDITIONS = DEBUG;
				SWIFT_OPTIMIZATION_LEVEL = "-Onone";
			};
			name = Debug;
		};
		DADC73B0269F76680033FB0A /* Release */ = {
			isa = XCBuildConfiguration;
			buildSettings = {
				ALWAYS_SEARCH_USER_PATHS = NO;
				CLANG_ANALYZER_NONNULL = YES;
				CLANG_ANALYZER_NUMBER_OBJECT_CONVERSION = YES_AGGRESSIVE;
				CLANG_CXX_LANGUAGE_STANDARD = "gnu++14";
				CLANG_CXX_LIBRARY = "libc++";
				CLANG_ENABLE_MODULES = YES;
				CLANG_ENABLE_OBJC_ARC = YES;
				CLANG_ENABLE_OBJC_WEAK = YES;
				CLANG_WARN_BLOCK_CAPTURE_AUTORELEASING = YES;
				CLANG_WARN_BOOL_CONVERSION = YES;
				CLANG_WARN_COMMA = YES;
				CLANG_WARN_CONSTANT_CONVERSION = YES;
				CLANG_WARN_DEPRECATED_OBJC_IMPLEMENTATIONS = YES;
				CLANG_WARN_DIRECT_OBJC_ISA_USAGE = YES_ERROR;
				CLANG_WARN_DOCUMENTATION_COMMENTS = YES;
				CLANG_WARN_EMPTY_BODY = YES;
				CLANG_WARN_ENUM_CONVERSION = YES;
				CLANG_WARN_INFINITE_RECURSION = YES;
				CLANG_WARN_INT_CONVERSION = YES;
				CLANG_WARN_NON_LITERAL_NULL_CONVERSION = YES;
				CLANG_WARN_OBJC_IMPLICIT_RETAIN_SELF = YES;
				CLANG_WARN_OBJC_LITERAL_CONVERSION = YES;
				CLANG_WARN_OBJC_ROOT_CLASS = YES_ERROR;
				CLANG_WARN_QUOTED_INCLUDE_IN_FRAMEWORK_HEADER = YES;
				CLANG_WARN_RANGE_LOOP_ANALYSIS = YES;
				CLANG_WARN_STRICT_PROTOTYPES = YES;
				CLANG_WARN_SUSPICIOUS_MOVE = YES;
				CLANG_WARN_UNGUARDED_AVAILABILITY = YES_AGGRESSIVE;
				CLANG_WARN_UNREACHABLE_CODE = YES;
				CLANG_WARN__DUPLICATE_METHOD_MATCH = YES;
				COPY_PHASE_STRIP = NO;
				DEBUG_INFORMATION_FORMAT = "dwarf-with-dsym";
				ENABLE_NS_ASSERTIONS = NO;
				ENABLE_STRICT_OBJC_MSGSEND = YES;
				GCC_C_LANGUAGE_STANDARD = gnu11;
				GCC_NO_COMMON_BLOCKS = YES;
				GCC_WARN_64_TO_32_BIT_CONVERSION = YES;
				GCC_WARN_ABOUT_RETURN_TYPE = YES_ERROR;
				GCC_WARN_UNDECLARED_SELECTOR = YES;
				GCC_WARN_UNINITIALIZED_AUTOS = YES_AGGRESSIVE;
				GCC_WARN_UNUSED_FUNCTION = YES;
				GCC_WARN_UNUSED_VARIABLE = YES;
				IPHONEOS_DEPLOYMENT_TARGET = 14.2;
				MTL_ENABLE_DEBUG_INFO = NO;
				MTL_FAST_MATH = YES;
				SDKROOT = iphoneos;
				SWIFT_COMPILATION_MODE = wholemodule;
				SWIFT_OPTIMIZATION_LEVEL = "-O";
				VALIDATE_PRODUCT = YES;
			};
			name = Release;
		};
		DADC73B2269F76680033FB0A /* Debug */ = {
			isa = XCBuildConfiguration;
			buildSettings = {
				ASSETCATALOG_COMPILER_APPICON_NAME = AppIcon;
				ASSETCATALOG_COMPILER_GLOBAL_ACCENT_COLOR_NAME = AccentColor;
				CODE_SIGN_STYLE = Automatic;
				INFOPLIST_FILE = PrimeNumberGenerator/Info.plist;
				LD_RUNPATH_SEARCH_PATHS = (
					"$(inherited)",
					"@executable_path/Frameworks",
				);
				PRODUCT_BUNDLE_IDENTIFIER = com.ama.PrimeNumberGenerator;
				PRODUCT_NAME = "$(TARGET_NAME)";
				SWIFT_VERSION = 5.0;
				TARGETED_DEVICE_FAMILY = "1,2";
			};
			name = Debug;
		};
		DADC73B3269F76680033FB0A /* Release */ = {
			isa = XCBuildConfiguration;
			buildSettings = {
				ASSETCATALOG_COMPILER_APPICON_NAME = AppIcon;
				ASSETCATALOG_COMPILER_GLOBAL_ACCENT_COLOR_NAME = AccentColor;
				CODE_SIGN_STYLE = Automatic;
				INFOPLIST_FILE = PrimeNumberGenerator/Info.plist;
				LD_RUNPATH_SEARCH_PATHS = (
					"$(inherited)",
					"@executable_path/Frameworks",
				);
				PRODUCT_BUNDLE_IDENTIFIER = com.ama.PrimeNumberGenerator;
				PRODUCT_NAME = "$(TARGET_NAME)";
				SWIFT_VERSION = 5.0;
				TARGETED_DEVICE_FAMILY = "1,2";
			};
			name = Release;
		};
/* End XCBuildConfiguration section */

/* Begin XCConfigurationList section */
		DADC7398269F76670033FB0A /* Build configuration list for PBXProject "PrimeNumberGenerator" */ = {
			isa = XCConfigurationList;
			buildConfigurations = (
				DADC73AF269F76680033FB0A /* Debug */,
				DADC73B0269F76680033FB0A /* Release */,
			);
			defaultConfigurationIsVisible = 0;
			defaultConfigurationName = Release;
		};
		DADC73B1269F76680033FB0A /* Build configuration list for PBXNativeTarget "PrimeNumberGenerator" */ = {
			isa = XCConfigurationList;
			buildConfigurations = (
				DADC73B2269F76680033FB0A /* Debug */,
				DADC73B3269F76680033FB0A /* Release */,
			);
			defaultConfigurationIsVisible = 0;
			defaultConfigurationName = Release;
		};
/* End XCConfigurationList section */
	};
	rootObject = DADC7395269F76670033FB0A /* Project object */;
}
